// !$*UTF8*$!
{
	archiveVersion = 1;
	classes = {
	};
	objectVersion = 50;
	objects = {

/* Begin PBXBuildFile section */
		2811D2D7217BEC6500B49AD0 /* ClassicSequenceViewController.swift in Sources */ = {isa = PBXBuildFile; fileRef = 2811D2D6217BEC6500B49AD0 /* ClassicSequenceViewController.swift */; };
		934465759FFE9B4932EBBB21 /* Pods_taceo.framework in Frameworks */ = {isa = PBXBuildFile; fileRef = 7D6DEE2242A2ECDF9ADB0277 /* Pods_taceo.framework */; };
		FA2F1E502180418400E72A9B /* TutorialViewController.swift in Sources */ = {isa = PBXBuildFile; fileRef = FA2F1E4F2180418400E72A9B /* TutorialViewController.swift */; };
		FA2F23DA21791318005EF526 /* CoreDataHelper.swift in Sources */ = {isa = PBXBuildFile; fileRef = FA2F23D921791318005EF526 /* CoreDataHelper.swift */; };
		FA2F23DD21791354005EF526 /* Taceo.xcdatamodeld in Sources */ = {isa = PBXBuildFile; fileRef = FA2F23DB21791354005EF526 /* Taceo.xcdatamodeld */; };
		FA2F23E1217E25FF005EF526 /* MultiplayerGameCreationViewController.swift in Sources */ = {isa = PBXBuildFile; fileRef = FA2F23E0217E25FF005EF526 /* MultiplayerGameCreationViewController.swift */; };
		FA3858A221678FE300C7718D /* AppDelegate.swift in Sources */ = {isa = PBXBuildFile; fileRef = FA3858A121678FE300C7718D /* AppDelegate.swift */; };
		FA3858A421678FE300C7718D /* ViewController.swift in Sources */ = {isa = PBXBuildFile; fileRef = FA3858A321678FE300C7718D /* ViewController.swift */; };
		FA3858A721678FE400C7718D /* Main.storyboard in Resources */ = {isa = PBXBuildFile; fileRef = FA3858A521678FE400C7718D /* Main.storyboard */; };
		FA3858A921678FE600C7718D /* Assets.xcassets in Resources */ = {isa = PBXBuildFile; fileRef = FA3858A821678FE600C7718D /* Assets.xcassets */; };
		FA3858AC21678FE600C7718D /* LaunchScreen.storyboard in Resources */ = {isa = PBXBuildFile; fileRef = FA3858AA21678FE600C7718D /* LaunchScreen.storyboard */; };
		FA3858B62167981300C7718D /* ClassicGameViewController.swift in Sources */ = {isa = PBXBuildFile; fileRef = FA3858B52167981300C7718D /* ClassicGameViewController.swift */; };
		FA3858D921683B4800C7718D /* TaceoVibrationControl.swift in Sources */ = {isa = PBXBuildFile; fileRef = FA3858D821683B4700C7718D /* TaceoVibrationControl.swift */; };
		FA3858FB216ED89D00C7718D /* Constants.swift in Sources */ = {isa = PBXBuildFile; fileRef = FA3858FA216ED89D00C7718D /* Constants.swift */; };
		FA3858FD216ED93900C7718D /* GamemodeSelectionViewController.swift in Sources */ = {isa = PBXBuildFile; fileRef = FA3858FC216ED93900C7718D /* GamemodeSelectionViewController.swift */; };
		FA3858FF216EFD5E00C7718D /* TaceoColors.swift in Sources */ = {isa = PBXBuildFile; fileRef = FA3858FE216EFD5E00C7718D /* TaceoColors.swift */; };
		FA385902216F21EF00C7718D /* SegueFromLeft.swift in Sources */ = {isa = PBXBuildFile; fileRef = FA385901216F21EF00C7718D /* SegueFromLeft.swift */; };
		FA385904216F233100C7718D /* SegueFromRight.swift in Sources */ = {isa = PBXBuildFile; fileRef = FA385903216F233100C7718D /* SegueFromRight.swift */; };
		FA385908217007F100C7718D /* TaceoTapType.swift in Sources */ = {isa = PBXBuildFile; fileRef = FA385907217007F100C7718D /* TaceoTapType.swift */; };
		FA38590D2170F92300C7718D /* TaceoSequenceManager.swift in Sources */ = {isa = PBXBuildFile; fileRef = FA38590C2170F92300C7718D /* TaceoSequenceManager.swift */; };
		FA385910217101A400C7718D /* TapSequenceManager.swift in Sources */ = {isa = PBXBuildFile; fileRef = FA38590F217101A400C7718D /* TapSequenceManager.swift */; };
		FA3859142171276600C7718D /* MultiplayerGameViewController.swift in Sources */ = {isa = PBXBuildFile; fileRef = FA3859132171276600C7718D /* MultiplayerGameViewController.swift */; };
		FA3859162172E34200C7718D /* ClassicGameOverViewController.swift in Sources */ = {isa = PBXBuildFile; fileRef = FA3859152172E34200C7718D /* ClassicGameOverViewController.swift */; };
/* End PBXBuildFile section */

/* Begin PBXFileReference section */
		06D761C8CE1BB42440F1A004 /* Pods-taceo.release.xcconfig */ = {isa = PBXFileReference; includeInIndex = 1; lastKnownFileType = text.xcconfig; name = "Pods-taceo.release.xcconfig"; path = "Pods/Target Support Files/Pods-taceo/Pods-taceo.release.xcconfig"; sourceTree = "<group>"; };
		2811D2D6217BEC6500B49AD0 /* ClassicSequenceViewController.swift */ = {isa = PBXFileReference; lastKnownFileType = sourcecode.swift; path = ClassicSequenceViewController.swift; sourceTree = "<group>"; };
		2811D2D821800AF100B49AD0 /* tutorialViewController.swift */ = {isa = PBXFileReference; lastKnownFileType = sourcecode.swift; path = tutorialViewController.swift; sourceTree = "<group>"; };
		427BA51F21C40ECF812D3D9D /* Pods-taceo.debug.xcconfig */ = {isa = PBXFileReference; includeInIndex = 1; lastKnownFileType = text.xcconfig; name = "Pods-taceo.debug.xcconfig"; path = "Pods/Target Support Files/Pods-taceo/Pods-taceo.debug.xcconfig"; sourceTree = "<group>"; };
		7D6DEE2242A2ECDF9ADB0277 /* Pods_taceo.framework */ = {isa = PBXFileReference; explicitFileType = wrapper.framework; includeInIndex = 0; path = Pods_taceo.framework; sourceTree = BUILT_PRODUCTS_DIR; };
		FA2F1E4F2180418400E72A9B /* TutorialViewController.swift */ = {isa = PBXFileReference; lastKnownFileType = sourcecode.swift; path = TutorialViewController.swift; sourceTree = "<group>"; };
		FA2F23D921791318005EF526 /* CoreDataHelper.swift */ = {isa = PBXFileReference; lastKnownFileType = sourcecode.swift; path = CoreDataHelper.swift; sourceTree = "<group>"; };
		FA2F23DC21791354005EF526 /* Taceo.xcdatamodel */ = {isa = PBXFileReference; lastKnownFileType = wrapper.xcdatamodel; path = Taceo.xcdatamodel; sourceTree = "<group>"; };
		FA2F23E0217E25FF005EF526 /* MultiplayerGameCreationViewController.swift */ = {isa = PBXFileReference; lastKnownFileType = sourcecode.swift; path = MultiplayerGameCreationViewController.swift; sourceTree = "<group>"; };
		FA38589E21678FE300C7718D /* taceo.app */ = {isa = PBXFileReference; explicitFileType = wrapper.application; includeInIndex = 0; path = taceo.app; sourceTree = BUILT_PRODUCTS_DIR; };
		FA3858A121678FE300C7718D /* AppDelegate.swift */ = {isa = PBXFileReference; lastKnownFileType = sourcecode.swift; path = AppDelegate.swift; sourceTree = "<group>"; };
		FA3858A321678FE300C7718D /* ViewController.swift */ = {isa = PBXFileReference; lastKnownFileType = sourcecode.swift; path = ViewController.swift; sourceTree = "<group>"; };
		FA3858A621678FE400C7718D /* Base */ = {isa = PBXFileReference; lastKnownFileType = file.storyboard; name = Base; path = Base.lproj/Main.storyboard; sourceTree = "<group>"; };
		FA3858A821678FE600C7718D /* Assets.xcassets */ = {isa = PBXFileReference; lastKnownFileType = folder.assetcatalog; path = Assets.xcassets; sourceTree = "<group>"; };
		FA3858AB21678FE600C7718D /* Base */ = {isa = PBXFileReference; lastKnownFileType = file.storyboard; name = Base; path = Base.lproj/LaunchScreen.storyboard; sourceTree = "<group>"; };
		FA3858AD21678FE600C7718D /* Info.plist */ = {isa = PBXFileReference; lastKnownFileType = text.plist.xml; path = Info.plist; sourceTree = "<group>"; };
		FA3858B52167981300C7718D /* ClassicGameViewController.swift */ = {isa = PBXFileReference; lastKnownFileType = sourcecode.swift; path = ClassicGameViewController.swift; sourceTree = "<group>"; };
		FA3858D821683B4700C7718D /* TaceoVibrationControl.swift */ = {isa = PBXFileReference; lastKnownFileType = sourcecode.swift; path = TaceoVibrationControl.swift; sourceTree = "<group>"; };
		FA3858FA216ED89D00C7718D /* Constants.swift */ = {isa = PBXFileReference; lastKnownFileType = sourcecode.swift; path = Constants.swift; sourceTree = "<group>"; };
		FA3858FC216ED93900C7718D /* GamemodeSelectionViewController.swift */ = {isa = PBXFileReference; lastKnownFileType = sourcecode.swift; path = GamemodeSelectionViewController.swift; sourceTree = "<group>"; };
		FA3858FE216EFD5E00C7718D /* TaceoColors.swift */ = {isa = PBXFileReference; lastKnownFileType = sourcecode.swift; path = TaceoColors.swift; sourceTree = "<group>"; };
		FA385901216F21EF00C7718D /* SegueFromLeft.swift */ = {isa = PBXFileReference; lastKnownFileType = sourcecode.swift; path = SegueFromLeft.swift; sourceTree = "<group>"; };
		FA385903216F233100C7718D /* SegueFromRight.swift */ = {isa = PBXFileReference; lastKnownFileType = sourcecode.swift; path = SegueFromRight.swift; sourceTree = "<group>"; };
		FA385907217007F100C7718D /* TaceoTapType.swift */ = {isa = PBXFileReference; lastKnownFileType = sourcecode.swift; path = TaceoTapType.swift; sourceTree = "<group>"; };
		FA38590C2170F92300C7718D /* TaceoSequenceManager.swift */ = {isa = PBXFileReference; lastKnownFileType = sourcecode.swift; path = TaceoSequenceManager.swift; sourceTree = "<group>"; };
		FA38590F217101A400C7718D /* TapSequenceManager.swift */ = {isa = PBXFileReference; lastKnownFileType = sourcecode.swift; path = TapSequenceManager.swift; sourceTree = "<group>"; };
		FA3859132171276600C7718D /* MultiplayerGameViewController.swift */ = {isa = PBXFileReference; lastKnownFileType = sourcecode.swift; path = MultiplayerGameViewController.swift; sourceTree = "<group>"; };
		FA3859152172E34200C7718D /* ClassicGameOverViewController.swift */ = {isa = PBXFileReference; lastKnownFileType = sourcecode.swift; path = ClassicGameOverViewController.swift; sourceTree = "<group>"; };
/* End PBXFileReference section */

/* Begin PBXFrameworksBuildPhase section */
		FA38589B21678FE300C7718D /* Frameworks */ = {
			isa = PBXFrameworksBuildPhase;
			buildActionMask = 2147483647;
			files = (
				934465759FFE9B4932EBBB21 /* Pods_taceo.framework in Frameworks */,
			);
			runOnlyForDeploymentPostprocessing = 0;
		};
/* End PBXFrameworksBuildPhase section */

/* Begin PBXGroup section */
		19414B2F213C1B9C86D6A666 /* Frameworks */ = {
			isa = PBXGroup;
			children = (
				7D6DEE2242A2ECDF9ADB0277 /* Pods_taceo.framework */,
			);
			name = Frameworks;
			sourceTree = "<group>";
		};
		9DFD19484209AF0A92F1FD6D /* Pods */ = {
			isa = PBXGroup;
			children = (
				427BA51F21C40ECF812D3D9D /* Pods-taceo.debug.xcconfig */,
				06D761C8CE1BB42440F1A004 /* Pods-taceo.release.xcconfig */,
			);
			name = Pods;
			sourceTree = "<group>";
		};
		FA2F23D821791300005EF526 /* Helpers */ = {
			isa = PBXGroup;
			children = (
				FA2F23D921791318005EF526 /* CoreDataHelper.swift */,
			);
			path = Helpers;
			sourceTree = "<group>";
		};
		FA38589521678FE300C7718D = {
			isa = PBXGroup;
			children = (
				FA3858A021678FE300C7718D /* taceo */,
				FA38589F21678FE300C7718D /* Products */,
				9DFD19484209AF0A92F1FD6D /* Pods */,
				19414B2F213C1B9C86D6A666 /* Frameworks */,
				FAE08F45218040F60080E2D2 /* Recovered References */,
			);
			sourceTree = "<group>";
		};
		FA38589F21678FE300C7718D /* Products */ = {
			isa = PBXGroup;
			children = (
				FA38589E21678FE300C7718D /* taceo.app */,
			);
			name = Products;
			sourceTree = "<group>";
		};
		FA3858A021678FE300C7718D /* taceo */ = {
			isa = PBXGroup;
			children = (
				FA2F23D821791300005EF526 /* Helpers */,
				FA38590E2171017600C7718D /* Protocols */,
				FA385900216F21DD00C7718D /* Models */,
				FA3858D7216839C300C7718D /* Supporting Files */,
				FA3858B4216797D900C7718D /* Storyboards */,
				FA3858B3216797CA00C7718D /* View Controllers */,
				FA3858A121678FE300C7718D /* AppDelegate.swift */,
				FA3858A821678FE600C7718D /* Assets.xcassets */,
				FA3858AD21678FE600C7718D /* Info.plist */,
				FA2F23DB21791354005EF526 /* Taceo.xcdatamodeld */,
			);
			path = taceo;
			sourceTree = "<group>";
		};
		FA3858B3216797CA00C7718D /* View Controllers */ = {
			isa = PBXGroup;
			children = (
				FA3858A321678FE300C7718D /* ViewController.swift */,
				FA3858B52167981300C7718D /* ClassicGameViewController.swift */,
				FA3858FC216ED93900C7718D /* GamemodeSelectionViewController.swift */,
				FA3859132171276600C7718D /* MultiplayerGameViewController.swift */,
				FA3859152172E34200C7718D /* ClassicGameOverViewController.swift */,
				2811D2D6217BEC6500B49AD0 /* ClassicSequenceViewController.swift */,
				FA2F23E0217E25FF005EF526 /* MultiplayerGameCreationViewController.swift */,
				FA2F1E4F2180418400E72A9B /* TutorialViewController.swift */,
			);
			path = "View Controllers";
			sourceTree = "<group>";
		};
		FA3858B4216797D900C7718D /* Storyboards */ = {
			isa = PBXGroup;
			children = (
				FA3858A521678FE400C7718D /* Main.storyboard */,
				FA3858AA21678FE600C7718D /* LaunchScreen.storyboard */,
			);
			path = Storyboards;
			sourceTree = "<group>";
		};
		FA3858D7216839C300C7718D /* Supporting Files */ = {
			isa = PBXGroup;
			children = (
				FA3858D821683B4700C7718D /* TaceoVibrationControl.swift */,
				FA3858FA216ED89D00C7718D /* Constants.swift */,
				FA3858FE216EFD5E00C7718D /* TaceoColors.swift */,
				FA385907217007F100C7718D /* TaceoTapType.swift */,
			);
			path = "Supporting Files";
			sourceTree = "<group>";
		};
		FA385900216F21DD00C7718D /* Models */ = {
			isa = PBXGroup;
			children = (
				FA385901216F21EF00C7718D /* SegueFromLeft.swift */,
				FA385903216F233100C7718D /* SegueFromRight.swift */,
				FA38590C2170F92300C7718D /* TaceoSequenceManager.swift */,
			);
			path = Models;
			sourceTree = "<group>";
		};
		FA38590E2171017600C7718D /* Protocols */ = {
			isa = PBXGroup;
			children = (
				FA38590F217101A400C7718D /* TapSequenceManager.swift */,
			);
			path = Protocols;
			sourceTree = "<group>";
		};
		FAE08F45218040F60080E2D2 /* Recovered References */ = {
			isa = PBXGroup;
			children = (
				2811D2D821800AF100B49AD0 /* tutorialViewController.swift */,
			);
			name = "Recovered References";
			sourceTree = "<group>";
		};
/* End PBXGroup section */

/* Begin PBXNativeTarget section */
		FA38589D21678FE300C7718D /* taceo */ = {
			isa = PBXNativeTarget;
			buildConfigurationList = FA3858B021678FE600C7718D /* Build configuration list for PBXNativeTarget "taceo" */;
			buildPhases = (
				FE20E1FEAA65CFEB7E6649D2 /* [CP] Check Pods Manifest.lock */,
				FA38589A21678FE300C7718D /* Sources */,
				FA38589B21678FE300C7718D /* Frameworks */,
				FA38589C21678FE300C7718D /* Resources */,
				8335618E6C70F99EFCCEF9F1 /* [CP] Embed Pods Frameworks */,
			);
			buildRules = (
			);
			dependencies = (
			);
			name = taceo;
			productName = taceo;
			productReference = FA38589E21678FE300C7718D /* taceo.app */;
			productType = "com.apple.product-type.application";
		};
/* End PBXNativeTarget section */

/* Begin PBXProject section */
		FA38589621678FE300C7718D /* Project object */ = {
			isa = PBXProject;
			attributes = {
				LastSwiftUpdateCheck = 1000;
				LastUpgradeCheck = 1000;
				ORGANIZATIONNAME = "Robert May";
				TargetAttributes = {
					FA38589D21678FE300C7718D = {
						CreatedOnToolsVersion = 10.0;
					};
				};
			};
			buildConfigurationList = FA38589921678FE300C7718D /* Build configuration list for PBXProject "taceo" */;
			compatibilityVersion = "Xcode 9.3";
			developmentRegion = en;
			hasScannedForEncodings = 0;
			knownRegions = (
				en,
				Base,
			);
			mainGroup = FA38589521678FE300C7718D;
			productRefGroup = FA38589F21678FE300C7718D /* Products */;
			projectDirPath = "";
			projectRoot = "";
			targets = (
				FA38589D21678FE300C7718D /* taceo */,
			);
		};
/* End PBXProject section */

/* Begin PBXResourcesBuildPhase section */
		FA38589C21678FE300C7718D /* Resources */ = {
			isa = PBXResourcesBuildPhase;
			buildActionMask = 2147483647;
			files = (
				FA3858AC21678FE600C7718D /* LaunchScreen.storyboard in Resources */,
				FA3858A921678FE600C7718D /* Assets.xcassets in Resources */,
				FA3858A721678FE400C7718D /* Main.storyboard in Resources */,
			);
			runOnlyForDeploymentPostprocessing = 0;
		};
/* End PBXResourcesBuildPhase section */

/* Begin PBXShellScriptBuildPhase section */
		8335618E6C70F99EFCCEF9F1 /* [CP] Embed Pods Frameworks */ = {
			isa = PBXShellScriptBuildPhase;
			buildActionMask = 2147483647;
			files = (
			);
			inputPaths = (
				"${SRCROOT}/Pods/Target Support Files/Pods-taceo/Pods-taceo-frameworks.sh",
				"${BUILT_PRODUCTS_DIR}/Socket.IO-Client-Swift/SocketIO.framework",
				"${BUILT_PRODUCTS_DIR}/Starscream/Starscream.framework",
			);
			name = "[CP] Embed Pods Frameworks";
			outputPaths = (
				"${TARGET_BUILD_DIR}/${FRAMEWORKS_FOLDER_PATH}/SocketIO.framework",
				"${TARGET_BUILD_DIR}/${FRAMEWORKS_FOLDER_PATH}/Starscream.framework",
			);
			runOnlyForDeploymentPostprocessing = 0;
			shellPath = /bin/sh;
			shellScript = "\"${SRCROOT}/Pods/Target Support Files/Pods-taceo/Pods-taceo-frameworks.sh\"\n";
			showEnvVarsInLog = 0;
		};
		FE20E1FEAA65CFEB7E6649D2 /* [CP] Check Pods Manifest.lock */ = {
			isa = PBXShellScriptBuildPhase;
			buildActionMask = 2147483647;
			files = (
			);
			inputPaths = (
				"${PODS_PODFILE_DIR_PATH}/Podfile.lock",
				"${PODS_ROOT}/Manifest.lock",
			);
			name = "[CP] Check Pods Manifest.lock";
			outputPaths = (
				"$(DERIVED_FILE_DIR)/Pods-taceo-checkManifestLockResult.txt",
			);
			runOnlyForDeploymentPostprocessing = 0;
			shellPath = /bin/sh;
			shellScript = "diff \"${PODS_PODFILE_DIR_PATH}/Podfile.lock\" \"${PODS_ROOT}/Manifest.lock\" > /dev/null\nif [ $? != 0 ] ; then\n    # print error to STDERR\n    echo \"error: The sandbox is not in sync with the Podfile.lock. Run 'pod install' or update your CocoaPods installation.\" >&2\n    exit 1\nfi\n# This output is used by Xcode 'outputs' to avoid re-running this script phase.\necho \"SUCCESS\" > \"${SCRIPT_OUTPUT_FILE_0}\"\n";
			showEnvVarsInLog = 0;
		};
/* End PBXShellScriptBuildPhase section */

/* Begin PBXSourcesBuildPhase section */
		FA38589A21678FE300C7718D /* Sources */ = {
			isa = PBXSourcesBuildPhase;
			buildActionMask = 2147483647;
			files = (
				FA2F23DA21791318005EF526 /* CoreDataHelper.swift in Sources */,
				FA3858FB216ED89D00C7718D /* Constants.swift in Sources */,
				FA385910217101A400C7718D /* TapSequenceManager.swift in Sources */,
				FA3858D921683B4800C7718D /* TaceoVibrationControl.swift in Sources */,
				FA3858A421678FE300C7718D /* ViewController.swift in Sources */,
				FA3858FF216EFD5E00C7718D /* TaceoColors.swift in Sources */,
				FA2F23DD21791354005EF526 /* Taceo.xcdatamodeld in Sources */,
				FA385908217007F100C7718D /* TaceoTapType.swift in Sources */,
				FA2F1E502180418400E72A9B /* TutorialViewController.swift in Sources */,
				FA3858B62167981300C7718D /* ClassicGameViewController.swift in Sources */,
				FA3859162172E34200C7718D /* ClassicGameOverViewController.swift in Sources */,
				FA2F23E1217E25FF005EF526 /* MultiplayerGameCreationViewController.swift in Sources */,
				FA3858FD216ED93900C7718D /* GamemodeSelectionViewController.swift in Sources */,
				FA385902216F21EF00C7718D /* SegueFromLeft.swift in Sources */,
				FA38590D2170F92300C7718D /* TaceoSequenceManager.swift in Sources */,
				2811D2D7217BEC6500B49AD0 /* ClassicSequenceViewController.swift in Sources */,
				FA3859142171276600C7718D /* MultiplayerGameViewController.swift in Sources */,
				FA3858A221678FE300C7718D /* AppDelegate.swift in Sources */,
				FA385904216F233100C7718D /* SegueFromRight.swift in Sources */,
			);
			runOnlyForDeploymentPostprocessing = 0;
		};
/* End PBXSourcesBuildPhase section */

/* Begin PBXVariantGroup section */
		FA3858A521678FE400C7718D /* Main.storyboard */ = {
			isa = PBXVariantGroup;
			children = (
				FA3858A621678FE400C7718D /* Base */,
			);
			name = Main.storyboard;
			sourceTree = "<group>";
		};
		FA3858AA21678FE600C7718D /* LaunchScreen.storyboard */ = {
			isa = PBXVariantGroup;
			children = (
				FA3858AB21678FE600C7718D /* Base */,
			);
			name = LaunchScreen.storyboard;
			sourceTree = "<group>";
		};
/* End PBXVariantGroup section */

/* Begin XCBuildConfiguration section */
		FA3858AE21678FE600C7718D /* Debug */ = {
			isa = XCBuildConfiguration;
			buildSettings = {
				ALWAYS_SEARCH_USER_PATHS = NO;
				CLANG_ANALYZER_NONNULL = YES;
				CLANG_ANALYZER_NUMBER_OBJECT_CONVERSION = YES_AGGRESSIVE;
				CLANG_CXX_LANGUAGE_STANDARD = "gnu++14";
				CLANG_CXX_LIBRARY = "libc++";
				CLANG_ENABLE_MODULES = YES;
				CLANG_ENABLE_OBJC_ARC = YES;
				CLANG_ENABLE_OBJC_WEAK = YES;
				CLANG_WARN_BLOCK_CAPTURE_AUTORELEASING = YES;
				CLANG_WARN_BOOL_CONVERSION = YES;
				CLANG_WARN_COMMA = YES;
				CLANG_WARN_CONSTANT_CONVERSION = YES;
				CLANG_WARN_DEPRECATED_OBJC_IMPLEMENTATIONS = YES;
				CLANG_WARN_DIRECT_OBJC_ISA_USAGE = YES_ERROR;
				CLANG_WARN_DOCUMENTATION_COMMENTS = YES;
				CLANG_WARN_EMPTY_BODY = YES;
				CLANG_WARN_ENUM_CONVERSION = YES;
				CLANG_WARN_INFINITE_RECURSION = YES;
				CLANG_WARN_INT_CONVERSION = YES;
				CLANG_WARN_NON_LITERAL_NULL_CONVERSION = YES;
				CLANG_WARN_OBJC_IMPLICIT_RETAIN_SELF = YES;
				CLANG_WARN_OBJC_LITERAL_CONVERSION = YES;
				CLANG_WARN_OBJC_ROOT_CLASS = YES_ERROR;
				CLANG_WARN_RANGE_LOOP_ANALYSIS = YES;
				CLANG_WARN_STRICT_PROTOTYPES = YES;
				CLANG_WARN_SUSPICIOUS_MOVE = YES;
				CLANG_WARN_UNGUARDED_AVAILABILITY = YES_AGGRESSIVE;
				CLANG_WARN_UNREACHABLE_CODE = YES;
				CLANG_WARN__DUPLICATE_METHOD_MATCH = YES;
				CODE_SIGN_IDENTITY = "iPhone Developer";
				COPY_PHASE_STRIP = NO;
				DEBUG_INFORMATION_FORMAT = dwarf;
				ENABLE_STRICT_OBJC_MSGSEND = YES;
				ENABLE_TESTABILITY = YES;
				GCC_C_LANGUAGE_STANDARD = gnu11;
				GCC_DYNAMIC_NO_PIC = NO;
				GCC_NO_COMMON_BLOCKS = YES;
				GCC_OPTIMIZATION_LEVEL = 0;
				GCC_PREPROCESSOR_DEFINITIONS = (
					"DEBUG=1",
					"$(inherited)",
				);
				GCC_WARN_64_TO_32_BIT_CONVERSION = YES;
				GCC_WARN_ABOUT_RETURN_TYPE = YES_ERROR;
				GCC_WARN_UNDECLARED_SELECTOR = YES;
				GCC_WARN_UNINITIALIZED_AUTOS = YES_AGGRESSIVE;
				GCC_WARN_UNUSED_FUNCTION = YES;
				GCC_WARN_UNUSED_VARIABLE = YES;
				IPHONEOS_DEPLOYMENT_TARGET = 12.0;
				MTL_ENABLE_DEBUG_INFO = INCLUDE_SOURCE;
				MTL_FAST_MATH = YES;
				ONLY_ACTIVE_ARCH = YES;
				SDKROOT = iphoneos;
				SWIFT_ACTIVE_COMPILATION_CONDITIONS = DEBUG;
				SWIFT_OPTIMIZATION_LEVEL = "-Onone";
			};
			name = Debug;
		};
		FA3858AF21678FE600C7718D /* Release */ = {
			isa = XCBuildConfiguration;
			buildSettings = {
				ALWAYS_SEARCH_USER_PATHS = NO;
				CLANG_ANALYZER_NONNULL = YES;
				CLANG_ANALYZER_NUMBER_OBJECT_CONVERSION = YES_AGGRESSIVE;
				CLANG_CXX_LANGUAGE_STANDARD = "gnu++14";
				CLANG_CXX_LIBRARY = "libc++";
				CLANG_ENABLE_MODULES = YES;
				CLANG_ENABLE_OBJC_ARC = YES;
				CLANG_ENABLE_OBJC_WEAK = YES;
				CLANG_WARN_BLOCK_CAPTURE_AUTORELEASING = YES;
				CLANG_WARN_BOOL_CONVERSION = YES;
				CLANG_WARN_COMMA = YES;
				CLANG_WARN_CONSTANT_CONVERSION = YES;
				CLANG_WARN_DEPRECATED_OBJC_IMPLEMENTATIONS = YES;
				CLANG_WARN_DIRECT_OBJC_ISA_USAGE = YES_ERROR;
				CLANG_WARN_DOCUMENTATION_COMMENTS = YES;
				CLANG_WARN_EMPTY_BODY = YES;
				CLANG_WARN_ENUM_CONVERSION = YES;
				CLANG_WARN_INFINITE_RECURSION = YES;
				CLANG_WARN_INT_CONVERSION = YES;
				CLANG_WARN_NON_LITERAL_NULL_CONVERSION = YES;
				CLANG_WARN_OBJC_IMPLICIT_RETAIN_SELF = YES;
				CLANG_WARN_OBJC_LITERAL_CONVERSION = YES;
				CLANG_WARN_OBJC_ROOT_CLASS = YES_ERROR;
				CLANG_WARN_RANGE_LOOP_ANALYSIS = YES;
				CLANG_WARN_STRICT_PROTOTYPES = YES;
				CLANG_WARN_SUSPICIOUS_MOVE = YES;
				CLANG_WARN_UNGUARDED_AVAILABILITY = YES_AGGRESSIVE;
				CLANG_WARN_UNREACHABLE_CODE = YES;
				CLANG_WARN__DUPLICATE_METHOD_MATCH = YES;
				CODE_SIGN_IDENTITY = "iPhone Developer";
				COPY_PHASE_STRIP = NO;
				DEBUG_INFORMATION_FORMAT = "dwarf-with-dsym";
				ENABLE_NS_ASSERTIONS = NO;
				ENABLE_STRICT_OBJC_MSGSEND = YES;
				GCC_C_LANGUAGE_STANDARD = gnu11;
				GCC_NO_COMMON_BLOCKS = YES;
				GCC_WARN_64_TO_32_BIT_CONVERSION = YES;
				GCC_WARN_ABOUT_RETURN_TYPE = YES_ERROR;
				GCC_WARN_UNDECLARED_SELECTOR = YES;
				GCC_WARN_UNINITIALIZED_AUTOS = YES_AGGRESSIVE;
				GCC_WARN_UNUSED_FUNCTION = YES;
				GCC_WARN_UNUSED_VARIABLE = YES;
				IPHONEOS_DEPLOYMENT_TARGET = 12.0;
				MTL_ENABLE_DEBUG_INFO = NO;
				MTL_FAST_MATH = YES;
				SDKROOT = iphoneos;
				SWIFT_COMPILATION_MODE = wholemodule;
				SWIFT_OPTIMIZATION_LEVEL = "-O";
				VALIDATE_PRODUCT = YES;
			};
			name = Release;
		};
		FA3858B121678FE600C7718D /* Debug */ = {
			isa = XCBuildConfiguration;
			baseConfigurationReference = 427BA51F21C40ECF812D3D9D /* Pods-taceo.debug.xcconfig */;
			buildSettings = {
				ASSETCATALOG_COMPILER_APPICON_NAME = AppIcon;
				CODE_SIGN_STYLE = Automatic;
				DEVELOPMENT_TEAM = 7DD847MDJ2;
				INFOPLIST_FILE = taceo/Info.plist;
				IPHONEOS_DEPLOYMENT_TARGET = 10.0;
				LD_RUNPATH_SEARCH_PATHS = (
					"$(inherited)",
					"@executable_path/Frameworks",
				);
				PRODUCT_BUNDLE_IDENTIFIER = com.robertmay.taceo;
				PRODUCT_NAME = "$(TARGET_NAME)";
				SWIFT_VERSION = 4.2;
				TARGETED_DEVICE_FAMILY = "1,2";
			};
			name = Debug;
		};
		FA3858B221678FE600C7718D /* Release */ = {
			isa = XCBuildConfiguration;
			baseConfigurationReference = 06D761C8CE1BB42440F1A004 /* Pods-taceo.release.xcconfig */;
			buildSettings = {
				ASSETCATALOG_COMPILER_APPICON_NAME = AppIcon;
				CODE_SIGN_STYLE = Automatic;
				DEVELOPMENT_TEAM = 7DD847MDJ2;
				INFOPLIST_FILE = taceo/Info.plist;
				IPHONEOS_DEPLOYMENT_TARGET = 10.0;
				LD_RUNPATH_SEARCH_PATHS = (
					"$(inherited)",
					"@executable_path/Frameworks",
				);
				PRODUCT_BUNDLE_IDENTIFIER = com.robertmay.taceo;
				PRODUCT_NAME = "$(TARGET_NAME)";
				SWIFT_VERSION = 4.2;
				TARGETED_DEVICE_FAMILY = "1,2";
			};
			name = Release;
		};
/* End XCBuildConfiguration section */

/* Begin XCConfigurationList section */
		FA38589921678FE300C7718D /* Build configuration list for PBXProject "taceo" */ = {
			isa = XCConfigurationList;
			buildConfigurations = (
				FA3858AE21678FE600C7718D /* Debug */,
				FA3858AF21678FE600C7718D /* Release */,
			);
			defaultConfigurationIsVisible = 0;
			defaultConfigurationName = Release;
		};
		FA3858B021678FE600C7718D /* Build configuration list for PBXNativeTarget "taceo" */ = {
			isa = XCConfigurationList;
			buildConfigurations = (
				FA3858B121678FE600C7718D /* Debug */,
				FA3858B221678FE600C7718D /* Release */,
			);
			defaultConfigurationIsVisible = 0;
			defaultConfigurationName = Release;
		};
/* End XCConfigurationList section */

/* Begin XCVersionGroup section */
		FA2F23DB21791354005EF526 /* Taceo.xcdatamodeld */ = {
			isa = XCVersionGroup;
			children = (
				FA2F23DC21791354005EF526 /* Taceo.xcdatamodel */,
			);
			currentVersion = FA2F23DC21791354005EF526 /* Taceo.xcdatamodel */;
			path = Taceo.xcdatamodeld;
			sourceTree = "<group>";
			versionGroupType = wrapper.xcdatamodel;
		};
/* End XCVersionGroup section */
	};
	rootObject = FA38589621678FE300C7718D /* Project object */;
}
